
Microsoft Visual Studio Solution File, Format Version 12.00
# Visual Studio Version 16
VisualStudioVersion = 16.0.33801.447
MinimumVisualStudioVersion = 10.0.40219.1
Project("{FAE04EC0-301F-11D3-BF4B-00C04F79EFBC}") = "Nicos_Geheimsprache", "Nicos_Geheimsprache\Nicos_Geheimsprache.csproj", "{A029D63A-4AAF-41F4-8845-948DC40CA044}"
EndProject
Global
	GlobalSection(SolutionConfigurationPlatforms) = preSolution
		Debug|Any CPU = Debug|Any CPU
		Release|Any CPU = Release|Any CPU
	EndGlobalSection
	GlobalSection(ProjectConfigurationPlatforms) = postSolution
		{A029D63A-4AAF-41F4-8845-948DC40CA044}.Debug|Any CPU.ActiveCfg = Debug|Any CPU
		{A029D63A-4AAF-41F4-8845-948DC40CA044}.Debug|Any CPU.Build.0 = Debug|Any CPU
		{A029D63A-4AAF-41F4-8845-948DC40CA044}.Release|Any CPU.ActiveCfg = Release|Any CPU
		{A029D63A-4AAF-41F4-8845-948DC40CA044}.Release|Any CPU.Build.0 = Release|Any CPU
	EndGlobalSection
	GlobalSection(SolutionProperties) = preSolution
		HideSolutionNode = FALSE
	EndGlobalSection
	GlobalSection(ExtensibilityGlobals) = postSolution
		SolutionGuid = {DD522FDE-F84C-490A-81F5-578FE30B7EF0}
	EndGlobalSection
EndGlobal
